// !$*UTF8*$!
{
	archiveVersion = 1;
	classes = {
	};
	objectVersion = 50;
	objects = {

/* Begin PBXBuildFile section */
		0753A0AB2450C17100DFEBAF /* MiDiaViewController.swift in Sources */ = {isa = PBXBuildFile; fileRef = 0790DB7224468AC500E0EC19 /* MiDiaViewController.swift */; };
		0753A0B02450C49900DFEBAF /* MiDiaCollectionViewFlowLayout.swift in Sources */ = {isa = PBXBuildFile; fileRef = 0753A0AF2450C49900DFEBAF /* MiDiaCollectionViewFlowLayout.swift */; };
		075C0BE2244FD69800CC6F45 /* UIView+AnchorExtension.swift in Sources */ = {isa = PBXBuildFile; fileRef = 075C0BE1244FD69800CC6F45 /* UIView+AnchorExtension.swift */; };
		077850422467677A0070E88B /* HistorialViewController.swift in Sources */ = {isa = PBXBuildFile; fileRef = 077850412467677A0070E88B /* HistorialViewController.swift */; };
		0784823B243E4CBC006511C5 /* AppDelegate.swift in Sources */ = {isa = PBXBuildFile; fileRef = 0784823A243E4CBC006511C5 /* AppDelegate.swift */; };
		0784823D243E4CBC006511C5 /* SceneDelegate.swift in Sources */ = {isa = PBXBuildFile; fileRef = 0784823C243E4CBC006511C5 /* SceneDelegate.swift */; };
		07848242243E4CBC006511C5 /* Main.storyboard in Resources */ = {isa = PBXBuildFile; fileRef = 07848240243E4CBC006511C5 /* Main.storyboard */; };
		07848244243E4CBE006511C5 /* Assets.xcassets in Resources */ = {isa = PBXBuildFile; fileRef = 07848243243E4CBE006511C5 /* Assets.xcassets */; };
		07848247243E4CBE006511C5 /* LaunchScreen.storyboard in Resources */ = {isa = PBXBuildFile; fileRef = 07848245243E4CBE006511C5 /* LaunchScreen.storyboard */; };
		0790DB762446909800E0EC19 /* MiPlanViewController.swift in Sources */ = {isa = PBXBuildFile; fileRef = 0790DB752446909700E0EC19 /* MiPlanViewController.swift */; };
		0790DB782446B4CD00E0EC19 /* RegistraComidaViewController.swift in Sources */ = {isa = PBXBuildFile; fileRef = 0790DB772446B4CD00E0EC19 /* RegistraComidaViewController.swift */; };
		0790DB7A2446BC1600E0EC19 /* MenuTableViewController.swift in Sources */ = {isa = PBXBuildFile; fileRef = 0790DB792446BC1600E0EC19 /* MenuTableViewController.swift */; };
		0790DB7C2446BF4D00E0EC19 /* MenuSection.swift in Sources */ = {isa = PBXBuildFile; fileRef = 0790DB7B2446BF4D00E0EC19 /* MenuSection.swift */; };
		079988AB2446CA55001B4FB2 /* ContainerViewController.swift in Sources */ = {isa = PBXBuildFile; fileRef = 079988AA2446CA55001B4FB2 /* ContainerViewController.swift */; };
		07A845CD2450BFFF0043B3FB /* MiDiaCollectionViewCell.swift in Sources */ = {isa = PBXBuildFile; fileRef = 07A845CC2450BFFF0043B3FB /* MiDiaCollectionViewCell.swift */; };
		07BDAAAC244E6D770089BBC9 /* MiPlanTableViewCell.swift in Sources */ = {isa = PBXBuildFile; fileRef = 07BDAAAB244E6D770089BBC9 /* MiPlanTableViewCell.swift */; };
		07BDAAB0244E73ED0089BBC9 /* GpoAlimenticio.swift in Sources */ = {isa = PBXBuildFile; fileRef = 07BDAAAF244E73ED0089BBC9 /* GpoAlimenticio.swift */; };
		082685C32468BADF00F3AD96 /* RegistroCMI.swift in Sources */ = {isa = PBXBuildFile; fileRef = 082685C22468BADF00F3AD96 /* RegistroCMI.swift */; };
		0858DA9024624B4200845D96 /* RegistroDia.swift in Sources */ = {isa = PBXBuildFile; fileRef = 0858DA8F24624B4200845D96 /* RegistroDia.swift */; };
		08EC46372471F315009D5370 /* EquivalentesTableViewController.swift in Sources */ = {isa = PBXBuildFile; fileRef = 08EC46362471F315009D5370 /* EquivalentesTableViewController.swift */; };
		08EC46392471F490009D5370 /* EquivalenteTableViewCell.swift in Sources */ = {isa = PBXBuildFile; fileRef = 08EC46382471F490009D5370 /* EquivalenteTableViewCell.swift */; };
		08EC463D2471FD26009D5370 /* EquivalentesDetailTableViewController.swift in Sources */ = {isa = PBXBuildFile; fileRef = 08EC463C2471FD26009D5370 /* EquivalentesDetailTableViewController.swift */; };
		08EC463F2471FD68009D5370 /* EquivalenciaEntry.swift in Sources */ = {isa = PBXBuildFile; fileRef = 08EC463E2471FD68009D5370 /* EquivalenciaEntry.swift */; };
		08EC4641247205F3009D5370 /* EquivalenteDetailTableViewCell.swift in Sources */ = {isa = PBXBuildFile; fileRef = 08EC4640247205F3009D5370 /* EquivalenteDetailTableViewCell.swift */; };
		684826B72476DBAB000298B5 /* MiDiaLongCollectionViewCell.swift in Sources */ = {isa = PBXBuildFile; fileRef = 684826B62476DBAB000298B5 /* MiDiaLongCollectionViewCell.swift */; };
		684826B92476DC6E000298B5 /* MiDiaLongCollectionViewFlowLayout.swift in Sources */ = {isa = PBXBuildFile; fileRef = 684826B82476DC6E000298B5 /* MiDiaLongCollectionViewFlowLayout.swift */; };
		684826BB2476E5A1000298B5 /* MiDiaLayout.swift in Sources */ = {isa = PBXBuildFile; fileRef = 684826BA2476E5A1000298B5 /* MiDiaLayout.swift */; };
		687D237A2460AF5C00265E46 /* SemaforoViewController.swift in Sources */ = {isa = PBXBuildFile; fileRef = 687D23792460AF5C00265E46 /* SemaforoViewController.swift */; };
		68DD9A712468CC9600DAA13A /* RegistraCMIViewController.swift in Sources */ = {isa = PBXBuildFile; fileRef = 68DD9A702468CC9600DAA13A /* RegistraCMIViewController.swift */; };
		C6C152FF4D82E85B441B4759 /* libPods-TecNutricion-iOS.a in Frameworks */ = {isa = PBXBuildFile; fileRef = 339F55324FB946E001AE0DBA /* libPods-TecNutricion-iOS.a */; };
/* End PBXBuildFile section */

/* Begin PBXFileReference section */
		0753A0AF2450C49900DFEBAF /* MiDiaCollectionViewFlowLayout.swift */ = {isa = PBXFileReference; lastKnownFileType = sourcecode.swift; path = MiDiaCollectionViewFlowLayout.swift; sourceTree = "<group>"; };
		075C0BE1244FD69800CC6F45 /* UIView+AnchorExtension.swift */ = {isa = PBXFileReference; lastKnownFileType = sourcecode.swift; path = "UIView+AnchorExtension.swift"; sourceTree = "<group>"; };
		077850412467677A0070E88B /* HistorialViewController.swift */ = {isa = PBXFileReference; lastKnownFileType = sourcecode.swift; path = HistorialViewController.swift; sourceTree = "<group>"; };
		07848237243E4CBC006511C5 /* TecNutricion-iOS.app */ = {isa = PBXFileReference; explicitFileType = wrapper.application; includeInIndex = 0; path = "TecNutricion-iOS.app"; sourceTree = BUILT_PRODUCTS_DIR; };
		0784823A243E4CBC006511C5 /* AppDelegate.swift */ = {isa = PBXFileReference; lastKnownFileType = sourcecode.swift; path = AppDelegate.swift; sourceTree = "<group>"; };
		0784823C243E4CBC006511C5 /* SceneDelegate.swift */ = {isa = PBXFileReference; lastKnownFileType = sourcecode.swift; path = SceneDelegate.swift; sourceTree = "<group>"; };
		07848241243E4CBC006511C5 /* Base */ = {isa = PBXFileReference; lastKnownFileType = file.storyboard; name = Base; path = Base.lproj/Main.storyboard; sourceTree = "<group>"; };
		07848243243E4CBE006511C5 /* Assets.xcassets */ = {isa = PBXFileReference; lastKnownFileType = folder.assetcatalog; path = Assets.xcassets; sourceTree = "<group>"; };
		07848246243E4CBE006511C5 /* Base */ = {isa = PBXFileReference; lastKnownFileType = file.storyboard; name = Base; path = Base.lproj/LaunchScreen.storyboard; sourceTree = "<group>"; };
		07848248243E4CBE006511C5 /* Info.plist */ = {isa = PBXFileReference; lastKnownFileType = text.plist.xml; path = Info.plist; sourceTree = "<group>"; };
		0790DB7224468AC500E0EC19 /* MiDiaViewController.swift */ = {isa = PBXFileReference; lastKnownFileType = sourcecode.swift; path = MiDiaViewController.swift; sourceTree = "<group>"; };
		0790DB752446909700E0EC19 /* MiPlanViewController.swift */ = {isa = PBXFileReference; lastKnownFileType = sourcecode.swift; path = MiPlanViewController.swift; sourceTree = "<group>"; };
		0790DB772446B4CD00E0EC19 /* RegistraComidaViewController.swift */ = {isa = PBXFileReference; lastKnownFileType = sourcecode.swift; path = RegistraComidaViewController.swift; sourceTree = "<group>"; };
		0790DB792446BC1600E0EC19 /* MenuTableViewController.swift */ = {isa = PBXFileReference; lastKnownFileType = sourcecode.swift; path = MenuTableViewController.swift; sourceTree = "<group>"; };
		0790DB7B2446BF4D00E0EC19 /* MenuSection.swift */ = {isa = PBXFileReference; lastKnownFileType = sourcecode.swift; path = MenuSection.swift; sourceTree = "<group>"; };
		079988AA2446CA55001B4FB2 /* ContainerViewController.swift */ = {isa = PBXFileReference; lastKnownFileType = sourcecode.swift; path = ContainerViewController.swift; sourceTree = "<group>"; };
		07A845CC2450BFFF0043B3FB /* MiDiaCollectionViewCell.swift */ = {isa = PBXFileReference; fileEncoding = 4; lastKnownFileType = sourcecode.swift; path = MiDiaCollectionViewCell.swift; sourceTree = "<group>"; };
		07BDAAAB244E6D770089BBC9 /* MiPlanTableViewCell.swift */ = {isa = PBXFileReference; lastKnownFileType = sourcecode.swift; path = MiPlanTableViewCell.swift; sourceTree = "<group>"; };
		07BDAAAF244E73ED0089BBC9 /* GpoAlimenticio.swift */ = {isa = PBXFileReference; lastKnownFileType = sourcecode.swift; path = GpoAlimenticio.swift; sourceTree = "<group>"; };
		082685C22468BADF00F3AD96 /* RegistroCMI.swift */ = {isa = PBXFileReference; lastKnownFileType = sourcecode.swift; path = RegistroCMI.swift; sourceTree = "<group>"; };
		0858DA8F24624B4200845D96 /* RegistroDia.swift */ = {isa = PBXFileReference; lastKnownFileType = sourcecode.swift; path = RegistroDia.swift; sourceTree = "<group>"; };
		08EC46362471F315009D5370 /* EquivalentesTableViewController.swift */ = {isa = PBXFileReference; lastKnownFileType = sourcecode.swift; path = EquivalentesTableViewController.swift; sourceTree = "<group>"; };
		08EC46382471F490009D5370 /* EquivalenteTableViewCell.swift */ = {isa = PBXFileReference; lastKnownFileType = sourcecode.swift; path = EquivalenteTableViewCell.swift; sourceTree = "<group>"; };
		08EC463C2471FD26009D5370 /* EquivalentesDetailTableViewController.swift */ = {isa = PBXFileReference; lastKnownFileType = sourcecode.swift; path = EquivalentesDetailTableViewController.swift; sourceTree = "<group>"; };
		08EC463E2471FD68009D5370 /* EquivalenciaEntry.swift */ = {isa = PBXFileReference; lastKnownFileType = sourcecode.swift; path = EquivalenciaEntry.swift; sourceTree = "<group>"; };
		08EC4640247205F3009D5370 /* EquivalenteDetailTableViewCell.swift */ = {isa = PBXFileReference; lastKnownFileType = sourcecode.swift; path = EquivalenteDetailTableViewCell.swift; sourceTree = "<group>"; };
		339F55324FB946E001AE0DBA /* libPods-TecNutricion-iOS.a */ = {isa = PBXFileReference; explicitFileType = archive.ar; includeInIndex = 0; path = "libPods-TecNutricion-iOS.a"; sourceTree = BUILT_PRODUCTS_DIR; };
		684826B62476DBAB000298B5 /* MiDiaLongCollectionViewCell.swift */ = {isa = PBXFileReference; lastKnownFileType = sourcecode.swift; path = MiDiaLongCollectionViewCell.swift; sourceTree = "<group>"; };
		684826B82476DC6E000298B5 /* MiDiaLongCollectionViewFlowLayout.swift */ = {isa = PBXFileReference; lastKnownFileType = sourcecode.swift; path = MiDiaLongCollectionViewFlowLayout.swift; sourceTree = "<group>"; };
		684826BA2476E5A1000298B5 /* MiDiaLayout.swift */ = {isa = PBXFileReference; lastKnownFileType = sourcecode.swift; name = MiDiaLayout.swift; path = "TecNutricion-iOS/View/MiDiaLayout.swift"; sourceTree = SOURCE_ROOT; };
		687D23792460AF5C00265E46 /* SemaforoViewController.swift */ = {isa = PBXFileReference; lastKnownFileType = sourcecode.swift; path = SemaforoViewController.swift; sourceTree = "<group>"; };
		68DD9A702468CC9600DAA13A /* RegistraCMIViewController.swift */ = {isa = PBXFileReference; lastKnownFileType = sourcecode.swift; path = RegistraCMIViewController.swift; sourceTree = "<group>"; };
		D3627485438354B247ECB7B9 /* Pods-TecNutricion-iOS.debug.xcconfig */ = {isa = PBXFileReference; includeInIndex = 1; lastKnownFileType = text.xcconfig; name = "Pods-TecNutricion-iOS.debug.xcconfig"; path = "Target Support Files/Pods-TecNutricion-iOS/Pods-TecNutricion-iOS.debug.xcconfig"; sourceTree = "<group>"; };
		FEF97CFB66B3DFF3FBB2387B /* Pods-TecNutricion-iOS.release.xcconfig */ = {isa = PBXFileReference; includeInIndex = 1; lastKnownFileType = text.xcconfig; name = "Pods-TecNutricion-iOS.release.xcconfig"; path = "Target Support Files/Pods-TecNutricion-iOS/Pods-TecNutricion-iOS.release.xcconfig"; sourceTree = "<group>"; };
/* End PBXFileReference section */

/* Begin PBXFrameworksBuildPhase section */
		07848234243E4CBC006511C5 /* Frameworks */ = {
			isa = PBXFrameworksBuildPhase;
			buildActionMask = 2147483647;
			files = (
				C6C152FF4D82E85B441B4759 /* libPods-TecNutricion-iOS.a in Frameworks */,
			);
			runOnlyForDeploymentPostprocessing = 0;
		};
/* End PBXFrameworksBuildPhase section */

/* Begin PBXGroup section */
		0753A0AC2450C43600DFEBAF /* Layout */ = {
			isa = PBXGroup;
			children = (
				684826BA2476E5A1000298B5 /* MiDiaLayout.swift */,
				0753A0AF2450C49900DFEBAF /* MiDiaCollectionViewFlowLayout.swift */,
				684826B82476DC6E000298B5 /* MiDiaLongCollectionViewFlowLayout.swift */,
			);
			path = Layout;
			sourceTree = "<group>";
		};
		0784822E243E4CBC006511C5 = {
			isa = PBXGroup;
			children = (
				07848239243E4CBC006511C5 /* TecNutricion-iOS */,
				07848238243E4CBC006511C5 /* Products */,
				86D72207E9E6EB69B26F368B /* Pods */,
				60FA5E91A6A33643FE8A52B1 /* Frameworks */,
			);
			sourceTree = "<group>";
		};
		07848238243E4CBC006511C5 /* Products */ = {
			isa = PBXGroup;
			children = (
				07848237243E4CBC006511C5 /* TecNutricion-iOS.app */,
			);
			name = Products;
			sourceTree = "<group>";
		};
		07848239243E4CBC006511C5 /* TecNutricion-iOS */ = {
			isa = PBXGroup;
			children = (
				0784823A243E4CBC006511C5 /* AppDelegate.swift */,
				0784823C243E4CBC006511C5 /* SceneDelegate.swift */,
				0753A0AC2450C43600DFEBAF /* Layout */,
				07BDAAA8244E6B8C0089BBC9 /* View */,
				0790DB7D2446C06400E0EC19 /* Model */,
				0790DB7424468ACC00E0EC19 /* Controller */,
				07848243243E4CBE006511C5 /* Assets.xcassets */,
				07848240243E4CBC006511C5 /* Main.storyboard */,
				07848245243E4CBE006511C5 /* LaunchScreen.storyboard */,
				07848248243E4CBE006511C5 /* Info.plist */,
			);
			path = "TecNutricion-iOS";
			sourceTree = "<group>";
		};
		0790DB7424468ACC00E0EC19 /* Controller */ = {
			isa = PBXGroup;
			children = (
				68DD9A702468CC9600DAA13A /* RegistraCMIViewController.swift */,
				079988AA2446CA55001B4FB2 /* ContainerViewController.swift */,
				077850412467677A0070E88B /* HistorialViewController.swift */,
				687D23792460AF5C00265E46 /* SemaforoViewController.swift */,
				0790DB7224468AC500E0EC19 /* MiDiaViewController.swift */,
				0790DB752446909700E0EC19 /* MiPlanViewController.swift */,
				0790DB792446BC1600E0EC19 /* MenuTableViewController.swift */,
				0790DB772446B4CD00E0EC19 /* RegistraComidaViewController.swift */,
				08EC46362471F315009D5370 /* EquivalentesTableViewController.swift */,
				08EC463C2471FD26009D5370 /* EquivalentesDetailTableViewController.swift */,
			);
			path = Controller;
			sourceTree = "<group>";
		};
		0790DB7D2446C06400E0EC19 /* Model */ = {
			isa = PBXGroup;
			children = (
				0790DB7B2446BF4D00E0EC19 /* MenuSection.swift */,
				07BDAAAF244E73ED0089BBC9 /* GpoAlimenticio.swift */,
				0858DA8F24624B4200845D96 /* RegistroDia.swift */,
				082685C22468BADF00F3AD96 /* RegistroCMI.swift */,
				08EC463E2471FD68009D5370 /* EquivalenciaEntry.swift */,
			);
			path = Model;
			sourceTree = "<group>";
		};
		07BDAAA8244E6B8C0089BBC9 /* View */ = {
			isa = PBXGroup;
			children = (
				07BDAAAB244E6D770089BBC9 /* MiPlanTableViewCell.swift */,
				07A845CC2450BFFF0043B3FB /* MiDiaCollectionViewCell.swift */,
				684826B62476DBAB000298B5 /* MiDiaLongCollectionViewCell.swift */,
				075C0BE1244FD69800CC6F45 /* UIView+AnchorExtension.swift */,
				08EC46382471F490009D5370 /* EquivalenteTableViewCell.swift */,
				08EC4640247205F3009D5370 /* EquivalenteDetailTableViewCell.swift */,
			);
			path = View;
			sourceTree = "<group>";
		};
		60FA5E91A6A33643FE8A52B1 /* Frameworks */ = {
			isa = PBXGroup;
			children = (
				339F55324FB946E001AE0DBA /* libPods-TecNutricion-iOS.a */,
			);
			name = Frameworks;
			sourceTree = "<group>";
		};
		86D72207E9E6EB69B26F368B /* Pods */ = {
			isa = PBXGroup;
			children = (
				D3627485438354B247ECB7B9 /* Pods-TecNutricion-iOS.debug.xcconfig */,
				FEF97CFB66B3DFF3FBB2387B /* Pods-TecNutricion-iOS.release.xcconfig */,
			);
			path = Pods;
			sourceTree = "<group>";
		};
/* End PBXGroup section */

/* Begin PBXNativeTarget section */
		07848236243E4CBC006511C5 /* TecNutricion-iOS */ = {
			isa = PBXNativeTarget;
			buildConfigurationList = 0784824B243E4CBE006511C5 /* Build configuration list for PBXNativeTarget "TecNutricion-iOS" */;
			buildPhases = (
				8C74C04670B41EFCACE6074A /* [CP] Check Pods Manifest.lock */,
				07848233243E4CBC006511C5 /* Sources */,
				07848234243E4CBC006511C5 /* Frameworks */,
				07848235243E4CBC006511C5 /* Resources */,
			);
			buildRules = (
			);
			dependencies = (
			);
			name = "TecNutricion-iOS";
			productName = "TecNutricion-iOS";
			productReference = 07848237243E4CBC006511C5 /* TecNutricion-iOS.app */;
			productType = "com.apple.product-type.application";
		};
/* End PBXNativeTarget section */

/* Begin PBXProject section */
		0784822F243E4CBC006511C5 /* Project object */ = {
			isa = PBXProject;
			attributes = {
				LastSwiftUpdateCheck = 1130;
				LastUpgradeCheck = 1130;
				ORGANIZATIONNAME = FernandoCarrillo;
				TargetAttributes = {
					07848236243E4CBC006511C5 = {
						CreatedOnToolsVersion = 11.3.1;
					};
				};
			};
			buildConfigurationList = 07848232243E4CBC006511C5 /* Build configuration list for PBXProject "TecNutricion-iOS" */;
			compatibilityVersion = "Xcode 9.3";
			developmentRegion = en;
			hasScannedForEncodings = 0;
			knownRegions = (
				en,
				Base,
			);
			mainGroup = 0784822E243E4CBC006511C5;
			productRefGroup = 07848238243E4CBC006511C5 /* Products */;
			projectDirPath = "";
			projectRoot = "";
			targets = (
				07848236243E4CBC006511C5 /* TecNutricion-iOS */,
			);
		};
/* End PBXProject section */

/* Begin PBXResourcesBuildPhase section */
		07848235243E4CBC006511C5 /* Resources */ = {
			isa = PBXResourcesBuildPhase;
			buildActionMask = 2147483647;
			files = (
				07848247243E4CBE006511C5 /* LaunchScreen.storyboard in Resources */,
				07848244243E4CBE006511C5 /* Assets.xcassets in Resources */,
				07848242243E4CBC006511C5 /* Main.storyboard in Resources */,
			);
			runOnlyForDeploymentPostprocessing = 0;
		};
/* End PBXResourcesBuildPhase section */

/* Begin PBXShellScriptBuildPhase section */
		8C74C04670B41EFCACE6074A /* [CP] Check Pods Manifest.lock */ = {
			isa = PBXShellScriptBuildPhase;
			buildActionMask = 2147483647;
			files = (
			);
			inputFileListPaths = (
			);
			inputPaths = (
				"${PODS_PODFILE_DIR_PATH}/Podfile.lock",
				"${PODS_ROOT}/Manifest.lock",
			);
			name = "[CP] Check Pods Manifest.lock";
			outputFileListPaths = (
			);
			outputPaths = (
				"$(DERIVED_FILE_DIR)/Pods-TecNutricion-iOS-checkManifestLockResult.txt",
			);
			runOnlyForDeploymentPostprocessing = 0;
			shellPath = /bin/sh;
			shellScript = "diff \"${PODS_PODFILE_DIR_PATH}/Podfile.lock\" \"${PODS_ROOT}/Manifest.lock\" > /dev/null\nif [ $? != 0 ] ; then\n    # print error to STDERR\n    echo \"error: The sandbox is not in sync with the Podfile.lock. Run 'pod install' or update your CocoaPods installation.\" >&2\n    exit 1\nfi\n# This output is used by Xcode 'outputs' to avoid re-running this script phase.\necho \"SUCCESS\" > \"${SCRIPT_OUTPUT_FILE_0}\"\n";
			showEnvVarsInLog = 0;
		};
/* End PBXShellScriptBuildPhase section */

/* Begin PBXSourcesBuildPhase section */
		07848233243E4CBC006511C5 /* Sources */ = {
			isa = PBXSourcesBuildPhase;
			buildActionMask = 2147483647;
			files = (
				07A845CD2450BFFF0043B3FB /* MiDiaCollectionViewCell.swift in Sources */,
				0784823B243E4CBC006511C5 /* AppDelegate.swift in Sources */,
				0858DA9024624B4200845D96 /* RegistroDia.swift in Sources */,
				08EC463F2471FD68009D5370 /* EquivalenciaEntry.swift in Sources */,
				08EC4641247205F3009D5370 /* EquivalenteDetailTableViewCell.swift in Sources */,
				684826B72476DBAB000298B5 /* MiDiaLongCollectionViewCell.swift in Sources */,
				07BDAAAC244E6D770089BBC9 /* MiPlanTableViewCell.swift in Sources */,
				0753A0AB2450C17100DFEBAF /* MiDiaViewController.swift in Sources */,
				0790DB782446B4CD00E0EC19 /* RegistraComidaViewController.swift in Sources */,
				0753A0B02450C49900DFEBAF /* MiDiaCollectionViewFlowLayout.swift in Sources */,
				075C0BE2244FD69800CC6F45 /* UIView+AnchorExtension.swift in Sources */,
				08EC463D2471FD26009D5370 /* EquivalentesDetailTableViewController.swift in Sources */,
				077850422467677A0070E88B /* HistorialViewController.swift in Sources */,
				68DD9A712468CC9600DAA13A /* RegistraCMIViewController.swift in Sources */,
				079988AB2446CA55001B4FB2 /* ContainerViewController.swift in Sources */,
				687D237A2460AF5C00265E46 /* SemaforoViewController.swift in Sources */,
				684826BB2476E5A1000298B5 /* MiDiaLayout.swift in Sources */,
				08EC46372471F315009D5370 /* EquivalentesTableViewController.swift in Sources */,
				684826B92476DC6E000298B5 /* MiDiaLongCollectionViewFlowLayout.swift in Sources */,
				0790DB7C2446BF4D00E0EC19 /* MenuSection.swift in Sources */,
				0790DB7A2446BC1600E0EC19 /* MenuTableViewController.swift in Sources */,
				08EC46392471F490009D5370 /* EquivalenteTableViewCell.swift in Sources */,
				082685C32468BADF00F3AD96 /* RegistroCMI.swift in Sources */,
				07BDAAB0244E73ED0089BBC9 /* GpoAlimenticio.swift in Sources */,
				0790DB762446909800E0EC19 /* MiPlanViewController.swift in Sources */,
				0784823D243E4CBC006511C5 /* SceneDelegate.swift in Sources */,
			);
			runOnlyForDeploymentPostprocessing = 0;
		};
/* End PBXSourcesBuildPhase section */

/* Begin PBXVariantGroup section */
		07848240243E4CBC006511C5 /* Main.storyboard */ = {
			isa = PBXVariantGroup;
			children = (
				07848241243E4CBC006511C5 /* Base */,
			);
			name = Main.storyboard;
			sourceTree = "<group>";
		};
		07848245243E4CBE006511C5 /* LaunchScreen.storyboard */ = {
			isa = PBXVariantGroup;
			children = (
				07848246243E4CBE006511C5 /* Base */,
			);
			name = LaunchScreen.storyboard;
			sourceTree = "<group>";
		};
/* End PBXVariantGroup section */

/* Begin XCBuildConfiguration section */
		07848249243E4CBE006511C5 /* Debug */ = {
			isa = XCBuildConfiguration;
			buildSettings = {
				ALWAYS_SEARCH_USER_PATHS = NO;
				CLANG_ANALYZER_NONNULL = YES;
				CLANG_ANALYZER_NUMBER_OBJECT_CONVERSION = YES_AGGRESSIVE;
				CLANG_CXX_LANGUAGE_STANDARD = "gnu++14";
				CLANG_CXX_LIBRARY = "libc++";
				CLANG_ENABLE_MODULES = YES;
				CLANG_ENABLE_OBJC_ARC = YES;
				CLANG_ENABLE_OBJC_WEAK = YES;
				CLANG_WARN_BLOCK_CAPTURE_AUTORELEASING = YES;
				CLANG_WARN_BOOL_CONVERSION = YES;
				CLANG_WARN_COMMA = YES;
				CLANG_WARN_CONSTANT_CONVERSION = YES;
				CLANG_WARN_DEPRECATED_OBJC_IMPLEMENTATIONS = YES;
				CLANG_WARN_DIRECT_OBJC_ISA_USAGE = YES_ERROR;
				CLANG_WARN_DOCUMENTATION_COMMENTS = YES;
				CLANG_WARN_EMPTY_BODY = YES;
				CLANG_WARN_ENUM_CONVERSION = YES;
				CLANG_WARN_INFINITE_RECURSION = YES;
				CLANG_WARN_INT_CONVERSION = YES;
				CLANG_WARN_NON_LITERAL_NULL_CONVERSION = YES;
				CLANG_WARN_OBJC_IMPLICIT_RETAIN_SELF = YES;
				CLANG_WARN_OBJC_LITERAL_CONVERSION = YES;
				CLANG_WARN_OBJC_ROOT_CLASS = YES_ERROR;
				CLANG_WARN_RANGE_LOOP_ANALYSIS = YES;
				CLANG_WARN_STRICT_PROTOTYPES = YES;
				CLANG_WARN_SUSPICIOUS_MOVE = YES;
				CLANG_WARN_UNGUARDED_AVAILABILITY = YES_AGGRESSIVE;
				CLANG_WARN_UNREACHABLE_CODE = YES;
				CLANG_WARN__DUPLICATE_METHOD_MATCH = YES;
				COPY_PHASE_STRIP = NO;
				DEBUG_INFORMATION_FORMAT = dwarf;
				ENABLE_STRICT_OBJC_MSGSEND = YES;
				ENABLE_TESTABILITY = YES;
				GCC_C_LANGUAGE_STANDARD = gnu11;
				GCC_DYNAMIC_NO_PIC = NO;
				GCC_NO_COMMON_BLOCKS = YES;
				GCC_OPTIMIZATION_LEVEL = 0;
				GCC_PREPROCESSOR_DEFINITIONS = (
					"DEBUG=1",
					"$(inherited)",
				);
				GCC_WARN_64_TO_32_BIT_CONVERSION = YES;
				GCC_WARN_ABOUT_RETURN_TYPE = YES_ERROR;
				GCC_WARN_UNDECLARED_SELECTOR = YES;
				GCC_WARN_UNINITIALIZED_AUTOS = YES_AGGRESSIVE;
				GCC_WARN_UNUSED_FUNCTION = YES;
				GCC_WARN_UNUSED_VARIABLE = YES;
				IPHONEOS_DEPLOYMENT_TARGET = 13.2;
				MTL_ENABLE_DEBUG_INFO = INCLUDE_SOURCE;
				MTL_FAST_MATH = YES;
				ONLY_ACTIVE_ARCH = YES;
				SDKROOT = iphoneos;
				SWIFT_ACTIVE_COMPILATION_CONDITIONS = DEBUG;
				SWIFT_OPTIMIZATION_LEVEL = "-Onone";
			};
			name = Debug;
		};
		0784824A243E4CBE006511C5 /* Release */ = {
			isa = XCBuildConfiguration;
			buildSettings = {
				ALWAYS_SEARCH_USER_PATHS = NO;
				CLANG_ANALYZER_NONNULL = YES;
				CLANG_ANALYZER_NUMBER_OBJECT_CONVERSION = YES_AGGRESSIVE;
				CLANG_CXX_LANGUAGE_STANDARD = "gnu++14";
				CLANG_CXX_LIBRARY = "libc++";
				CLANG_ENABLE_MODULES = YES;
				CLANG_ENABLE_OBJC_ARC = YES;
				CLANG_ENABLE_OBJC_WEAK = YES;
				CLANG_WARN_BLOCK_CAPTURE_AUTORELEASING = YES;
				CLANG_WARN_BOOL_CONVERSION = YES;
				CLANG_WARN_COMMA = YES;
				CLANG_WARN_CONSTANT_CONVERSION = YES;
				CLANG_WARN_DEPRECATED_OBJC_IMPLEMENTATIONS = YES;
				CLANG_WARN_DIRECT_OBJC_ISA_USAGE = YES_ERROR;
				CLANG_WARN_DOCUMENTATION_COMMENTS = YES;
				CLANG_WARN_EMPTY_BODY = YES;
				CLANG_WARN_ENUM_CONVERSION = YES;
				CLANG_WARN_INFINITE_RECURSION = YES;
				CLANG_WARN_INT_CONVERSION = YES;
				CLANG_WARN_NON_LITERAL_NULL_CONVERSION = YES;
				CLANG_WARN_OBJC_IMPLICIT_RETAIN_SELF = YES;
				CLANG_WARN_OBJC_LITERAL_CONVERSION = YES;
				CLANG_WARN_OBJC_ROOT_CLASS = YES_ERROR;
				CLANG_WARN_RANGE_LOOP_ANALYSIS = YES;
				CLANG_WARN_STRICT_PROTOTYPES = YES;
				CLANG_WARN_SUSPICIOUS_MOVE = YES;
				CLANG_WARN_UNGUARDED_AVAILABILITY = YES_AGGRESSIVE;
				CLANG_WARN_UNREACHABLE_CODE = YES;
				CLANG_WARN__DUPLICATE_METHOD_MATCH = YES;
				COPY_PHASE_STRIP = NO;
				DEBUG_INFORMATION_FORMAT = "dwarf-with-dsym";
				ENABLE_NS_ASSERTIONS = NO;
				ENABLE_STRICT_OBJC_MSGSEND = YES;
				GCC_C_LANGUAGE_STANDARD = gnu11;
				GCC_NO_COMMON_BLOCKS = YES;
				GCC_WARN_64_TO_32_BIT_CONVERSION = YES;
				GCC_WARN_ABOUT_RETURN_TYPE = YES_ERROR;
				GCC_WARN_UNDECLARED_SELECTOR = YES;
				GCC_WARN_UNINITIALIZED_AUTOS = YES_AGGRESSIVE;
				GCC_WARN_UNUSED_FUNCTION = YES;
				GCC_WARN_UNUSED_VARIABLE = YES;
				IPHONEOS_DEPLOYMENT_TARGET = 13.2;
				MTL_ENABLE_DEBUG_INFO = NO;
				MTL_FAST_MATH = YES;
				SDKROOT = iphoneos;
				SWIFT_COMPILATION_MODE = wholemodule;
				SWIFT_OPTIMIZATION_LEVEL = "-O";
				VALIDATE_PRODUCT = YES;
			};
			name = Release;
		};
		0784824C243E4CBE006511C5 /* Debug */ = {
			isa = XCBuildConfiguration;
			baseConfigurationReference = D3627485438354B247ECB7B9 /* Pods-TecNutricion-iOS.debug.xcconfig */;
			buildSettings = {
				ASSETCATALOG_COMPILER_APPICON_NAME = AppIcon;
				CODE_SIGN_STYLE = Automatic;
				DEVELOPMENT_TEAM = M7CAKG9848;
				INFOPLIST_FILE = "TecNutricion-iOS/Info.plist";
				LD_RUNPATH_SEARCH_PATHS = (
					"$(inherited)",
					"@executable_path/Frameworks",
				);
				PRODUCT_BUNDLE_IDENTIFIER = "FernandoCarrillo.TecNutricion-iOS";
				PRODUCT_NAME = "$(TARGET_NAME)";
				SWIFT_VERSION = 5.0;
				TARGETED_DEVICE_FAMILY = "1,2";
			};
			name = Debug;
		};
		0784824D243E4CBE006511C5 /* Release */ = {
			isa = XCBuildConfiguration;
			baseConfigurationReference = FEF97CFB66B3DFF3FBB2387B /* Pods-TecNutricion-iOS.release.xcconfig */;
			buildSettings = {
				ASSETCATALOG_COMPILER_APPICON_NAME = AppIcon;
				CODE_SIGN_STYLE = Automatic;
				DEVELOPMENT_TEAM = M7CAKG9848;
				INFOPLIST_FILE = "TecNutricion-iOS/Info.plist";
				LD_RUNPATH_SEARCH_PATHS = (
					"$(inherited)",
					"@executable_path/Frameworks",
				);
				PRODUCT_BUNDLE_IDENTIFIER = "FernandoCarrillo.TecNutricion-iOS";
				PRODUCT_NAME = "$(TARGET_NAME)";
				SWIFT_VERSION = 5.0;
				TARGETED_DEVICE_FAMILY = "1,2";
			};
			name = Release;
		};
/* End XCBuildConfiguration section */

/* Begin XCConfigurationList section */
		07848232243E4CBC006511C5 /* Build configuration list for PBXProject "TecNutricion-iOS" */ = {
			isa = XCConfigurationList;
			buildConfigurations = (
				07848249243E4CBE006511C5 /* Debug */,
				0784824A243E4CBE006511C5 /* Release */,
			);
			defaultConfigurationIsVisible = 0;
			defaultConfigurationName = Release;
		};
		0784824B243E4CBE006511C5 /* Build configuration list for PBXNativeTarget "TecNutricion-iOS" */ = {
			isa = XCConfigurationList;
			buildConfigurations = (
				0784824C243E4CBE006511C5 /* Debug */,
				0784824D243E4CBE006511C5 /* Release */,
			);
			defaultConfigurationIsVisible = 0;
			defaultConfigurationName = Release;
		};
/* End XCConfigurationList section */
	};
	rootObject = 0784822F243E4CBC006511C5 /* Project object */;
}
